
Microsoft Visual Studio Solution File, Format Version 12.00
# Visual Studio Version 17
VisualStudioVersion = 17.6.33712.159
MinimumVisualStudioVersion = 10.0.40219.1
Project("{FAE04EC0-301F-11D3-BF4B-00C04F79EFBC}") = "PhuongTrinhBac2", "PhuongTrinhBac2\PhuongTrinhBac2.csproj", "{532CC9B7-80A8-4D1B-BE5B-559013BA57FC}"
EndProject
Global
	GlobalSection(SolutionConfigurationPlatforms) = preSolution
		Debug|Any CPU = Debug|Any CPU
		Release|Any CPU = Release|Any CPU
	EndGlobalSection
	GlobalSection(ProjectConfigurationPlatforms) = postSolution
		{532CC9B7-80A8-4D1B-BE5B-559013BA57FC}.Debug|Any CPU.ActiveCfg = Debug|Any CPU
		{532CC9B7-80A8-4D1B-BE5B-559013BA57FC}.Debug|Any CPU.Build.0 = Debug|Any CPU
		{532CC9B7-80A8-4D1B-BE5B-559013BA57FC}.Release|Any CPU.ActiveCfg = Release|Any CPU
		{532CC9B7-80A8-4D1B-BE5B-559013BA57FC}.Release|Any CPU.Build.0 = Release|Any CPU
	EndGlobalSection
	GlobalSection(SolutionProperties) = preSolution
		HideSolutionNode = FALSE
	EndGlobalSection
	GlobalSection(ExtensibilityGlobals) = postSolution
		SolutionGuid = {4E31A891-5F86-4E7E-A5D1-C58E0D6C16EB}
	EndGlobalSection
EndGlobal
